// !$*UTF8*$!
{
	archiveVersion = 1;
	classes = {
	};
	objectVersion = 46;
	objects = {

/* Begin PBXBuildFile section */
		6447D2A218F5E37B00FDF629 /* editEntryViewController.m in Sources */ = {isa = PBXBuildFile; fileRef = 6447D2A118F5E37B00FDF629 /* editEntryViewController.m */; };
		6447D2A518F60E3A00FDF629 /* checkSecondariesViewController.m in Sources */ = {isa = PBXBuildFile; fileRef = 6447D2A418F60E3A00FDF629 /* checkSecondariesViewController.m */; };
		644D707118E350840081B378 /* Foundation.framework in Frameworks */ = {isa = PBXBuildFile; fileRef = 644D707018E350840081B378 /* Foundation.framework */; };
		644D707318E350840081B378 /* CoreGraphics.framework in Frameworks */ = {isa = PBXBuildFile; fileRef = 644D707218E350840081B378 /* CoreGraphics.framework */; };
		644D707518E350840081B378 /* UIKit.framework in Frameworks */ = {isa = PBXBuildFile; fileRef = 644D707418E350840081B378 /* UIKit.framework */; };
		644D707B18E350840081B378 /* InfoPlist.strings in Resources */ = {isa = PBXBuildFile; fileRef = 644D707918E350840081B378 /* InfoPlist.strings */; };
		644D707D18E350840081B378 /* main.m in Sources */ = {isa = PBXBuildFile; fileRef = 644D707C18E350840081B378 /* main.m */; };
		644D708118E350840081B378 /* myClassAppDelegate.m in Sources */ = {isa = PBXBuildFile; fileRef = 644D708018E350840081B378 /* myClassAppDelegate.m */; };
		644D708718E350840081B378 /* Main_iPad.storyboard in Resources */ = {isa = PBXBuildFile; fileRef = 644D708518E350840081B378 /* Main_iPad.storyboard */; };
		644D708A18E350840081B378 /* myClassViewController.m in Sources */ = {isa = PBXBuildFile; fileRef = 644D708918E350840081B378 /* myClassViewController.m */; };
		644D708C18E350840081B378 /* Images.xcassets in Resources */ = {isa = PBXBuildFile; fileRef = 644D708B18E350840081B378 /* Images.xcassets */; };
		644D709318E350840081B378 /* XCTest.framework in Frameworks */ = {isa = PBXBuildFile; fileRef = 644D709218E350840081B378 /* XCTest.framework */; };
		644D709418E350840081B378 /* Foundation.framework in Frameworks */ = {isa = PBXBuildFile; fileRef = 644D707018E350840081B378 /* Foundation.framework */; };
		644D709518E350840081B378 /* UIKit.framework in Frameworks */ = {isa = PBXBuildFile; fileRef = 644D707418E350840081B378 /* UIKit.framework */; };
		644D709D18E350840081B378 /* InfoPlist.strings in Resources */ = {isa = PBXBuildFile; fileRef = 644D709B18E350840081B378 /* InfoPlist.strings */; };
		644D709F18E350840081B378 /* ResumeV1Tests.m in Sources */ = {isa = PBXBuildFile; fileRef = 644D709E18E350840081B378 /* ResumeV1Tests.m */; };
		644D70AA18E362800081B378 /* Entry.m in Sources */ = {isa = PBXBuildFile; fileRef = 644D70A918E362800081B378 /* Entry.m */; };
		644D70AD18E36BA20081B378 /* addEntryViewController.m in Sources */ = {isa = PBXBuildFile; fileRef = 644D70AC18E36BA20081B378 /* addEntryViewController.m */; };
		644D70B318E380940081B378 /* reviewEntriesViewController.m in Sources */ = {isa = PBXBuildFile; fileRef = 644D70B218E380940081B378 /* reviewEntriesViewController.m */; };
		6455FF5219045BE9002E3DB8 /* collectionCell.m in Sources */ = {isa = PBXBuildFile; fileRef = 6455FF5119045BE9002E3DB8 /* collectionCell.m */; };
		64589324190850EA00474CBE /* Main_iPhone.storyboard in Resources */ = {isa = PBXBuildFile; fileRef = 64589322190850EA00474CBE /* Main_iPhone.storyboard */; };
		64778FA818E6923A00BBABDB /* entryDetailViewController.m in Sources */ = {isa = PBXBuildFile; fileRef = 64778FA718E6923A00BBABDB /* entryDetailViewController.m */; };
		647FB97A18F2089400185596 /* GlobalData.m in Sources */ = {isa = PBXBuildFile; fileRef = 647FB97918F2089400185596 /* GlobalData.m */; };
		64A526CC190DBBC9009D85E4 /* templateDetailViewController.m in Sources */ = {isa = PBXBuildFile; fileRef = 64A526CB190DBBC9009D85E4 /* templateDetailViewController.m */; };
		64CB4CC318EC969F00563966 /* makeViewController.m in Sources */ = {isa = PBXBuildFile; fileRef = 64CB4CC218EC969F00563966 /* makeViewController.m */; };
		64EA797D18FF094F00C36A3A /* settingsViewController.m in Sources */ = {isa = PBXBuildFile; fileRef = 64EA797C18FF094F00C36A3A /* settingsViewController.m */; };
		64EA798218FF246C00C36A3A /* template4.png in Resources */ = {isa = PBXBuildFile; fileRef = 64EA797E18FF246C00C36A3A /* template4.png */; };
		64EA798318FF246C00C36A3A /* template1.png in Resources */ = {isa = PBXBuildFile; fileRef = 64EA797F18FF246C00C36A3A /* template1.png */; };
		64EA798418FF246C00C36A3A /* template3.png in Resources */ = {isa = PBXBuildFile; fileRef = 64EA798018FF246C00C36A3A /* template3.png */; };
		64EA798518FF246C00C36A3A /* template2.png in Resources */ = {isa = PBXBuildFile; fileRef = 64EA798118FF246C00C36A3A /* template2.png */; };
		64EA798818FF252800C36A3A /* chooseTemplateViewController.m in Sources */ = {isa = PBXBuildFile; fileRef = 64EA798718FF252800C36A3A /* chooseTemplateViewController.m */; };
		6678B6201912057C009A36C4 /* webPreviewViewController.m in Sources */ = {isa = PBXBuildFile; fileRef = 6678B61F1912057C009A36C4 /* webPreviewViewController.m */; };
		66A5426018F4C8B3003A295C /* NetworkComm.m in Sources */ = {isa = PBXBuildFile; fileRef = 66A5425F18F4C8B3003A295C /* NetworkComm.m */; };
/* End PBXBuildFile section */

/* Begin PBXContainerItemProxy section */
		644D709618E350840081B378 /* PBXContainerItemProxy */ = {
			isa = PBXContainerItemProxy;
			containerPortal = 644D706518E350840081B378 /* Project object */;
			proxyType = 1;
			remoteGlobalIDString = 644D706C18E350840081B378;
			remoteInfo = ResumeV1;
		};
/* End PBXContainerItemProxy section */

/* Begin PBXFileReference section */
		6447D2A018F5E37B00FDF629 /* editEntryViewController.h */ = {isa = PBXFileReference; fileEncoding = 4; lastKnownFileType = sourcecode.c.h; path = editEntryViewController.h; sourceTree = "<group>"; };
		6447D2A118F5E37B00FDF629 /* editEntryViewController.m */ = {isa = PBXFileReference; fileEncoding = 4; lastKnownFileType = sourcecode.c.objc; path = editEntryViewController.m; sourceTree = "<group>"; };
		6447D2A318F60E3A00FDF629 /* checkSecondariesViewController.h */ = {isa = PBXFileReference; fileEncoding = 4; lastKnownFileType = sourcecode.c.h; path = checkSecondariesViewController.h; sourceTree = "<group>"; };
		6447D2A418F60E3A00FDF629 /* checkSecondariesViewController.m */ = {isa = PBXFileReference; fileEncoding = 4; lastKnownFileType = sourcecode.c.objc; path = checkSecondariesViewController.m; sourceTree = "<group>"; };
		644D706D18E350840081B378 /* ResumeV1.app */ = {isa = PBXFileReference; explicitFileType = wrapper.application; includeInIndex = 0; path = ResumeV1.app; sourceTree = BUILT_PRODUCTS_DIR; };
		644D707018E350840081B378 /* Foundation.framework */ = {isa = PBXFileReference; lastKnownFileType = wrapper.framework; name = Foundation.framework; path = System/Library/Frameworks/Foundation.framework; sourceTree = SDKROOT; };
		644D707218E350840081B378 /* CoreGraphics.framework */ = {isa = PBXFileReference; lastKnownFileType = wrapper.framework; name = CoreGraphics.framework; path = System/Library/Frameworks/CoreGraphics.framework; sourceTree = SDKROOT; };
		644D707418E350840081B378 /* UIKit.framework */ = {isa = PBXFileReference; lastKnownFileType = wrapper.framework; name = UIKit.framework; path = System/Library/Frameworks/UIKit.framework; sourceTree = SDKROOT; };
		644D707818E350840081B378 /* ResumeV1-Info.plist */ = {isa = PBXFileReference; lastKnownFileType = text.plist.xml; path = "ResumeV1-Info.plist"; sourceTree = "<group>"; };
		644D707A18E350840081B378 /* en */ = {isa = PBXFileReference; lastKnownFileType = text.plist.strings; name = en; path = en.lproj/InfoPlist.strings; sourceTree = "<group>"; };
		644D707C18E350840081B378 /* main.m */ = {isa = PBXFileReference; lastKnownFileType = sourcecode.c.objc; path = main.m; sourceTree = "<group>"; };
		644D707E18E350840081B378 /* ResumeV1-Prefix.pch */ = {isa = PBXFileReference; lastKnownFileType = sourcecode.c.h; path = "ResumeV1-Prefix.pch"; sourceTree = "<group>"; };
		644D707F18E350840081B378 /* myClassAppDelegate.h */ = {isa = PBXFileReference; lastKnownFileType = sourcecode.c.h; path = myClassAppDelegate.h; sourceTree = "<group>"; };
		644D708018E350840081B378 /* myClassAppDelegate.m */ = {isa = PBXFileReference; lastKnownFileType = sourcecode.c.objc; path = myClassAppDelegate.m; sourceTree = "<group>"; };
		644D708618E350840081B378 /* Base */ = {isa = PBXFileReference; lastKnownFileType = file.storyboard; name = Base; path = Base.lproj/Main_iPad.storyboard; sourceTree = "<group>"; };
		644D708818E350840081B378 /* myClassViewController.h */ = {isa = PBXFileReference; lastKnownFileType = sourcecode.c.h; path = myClassViewController.h; sourceTree = "<group>"; };
		644D708918E350840081B378 /* myClassViewController.m */ = {isa = PBXFileReference; lastKnownFileType = sourcecode.c.objc; path = myClassViewController.m; sourceTree = "<group>"; };
		644D708B18E350840081B378 /* Images.xcassets */ = {isa = PBXFileReference; lastKnownFileType = folder.assetcatalog; path = Images.xcassets; sourceTree = "<group>"; };
		644D709118E350840081B378 /* ResumeV1Tests.xctest */ = {isa = PBXFileReference; explicitFileType = wrapper.cfbundle; includeInIndex = 0; path = ResumeV1Tests.xctest; sourceTree = BUILT_PRODUCTS_DIR; };
		644D709218E350840081B378 /* XCTest.framework */ = {isa = PBXFileReference; lastKnownFileType = wrapper.framework; name = XCTest.framework; path = Library/Frameworks/XCTest.framework; sourceTree = DEVELOPER_DIR; };
		644D709A18E350840081B378 /* ResumeV1Tests-Info.plist */ = {isa = PBXFileReference; lastKnownFileType = text.plist.xml; path = "ResumeV1Tests-Info.plist"; sourceTree = "<group>"; };
		644D709C18E350840081B378 /* en */ = {isa = PBXFileReference; lastKnownFileType = text.plist.strings; name = en; path = en.lproj/InfoPlist.strings; sourceTree = "<group>"; };
		644D709E18E350840081B378 /* ResumeV1Tests.m */ = {isa = PBXFileReference; lastKnownFileType = sourcecode.c.objc; path = ResumeV1Tests.m; sourceTree = "<group>"; };
		644D70A818E362800081B378 /* Entry.h */ = {isa = PBXFileReference; fileEncoding = 4; lastKnownFileType = sourcecode.c.h; path = Entry.h; sourceTree = "<group>"; };
		644D70A918E362800081B378 /* Entry.m */ = {isa = PBXFileReference; fileEncoding = 4; lastKnownFileType = sourcecode.c.objc; path = Entry.m; sourceTree = "<group>"; };
		644D70AB18E36BA20081B378 /* addEntryViewController.h */ = {isa = PBXFileReference; fileEncoding = 4; lastKnownFileType = sourcecode.c.h; path = addEntryViewController.h; sourceTree = "<group>"; };
		644D70AC18E36BA20081B378 /* addEntryViewController.m */ = {isa = PBXFileReference; fileEncoding = 4; lastKnownFileType = sourcecode.c.objc; path = addEntryViewController.m; sourceTree = "<group>"; };
		644D70B118E380940081B378 /* reviewEntriesViewController.h */ = {isa = PBXFileReference; fileEncoding = 4; lastKnownFileType = sourcecode.c.h; path = reviewEntriesViewController.h; sourceTree = "<group>"; };
		644D70B218E380940081B378 /* reviewEntriesViewController.m */ = {isa = PBXFileReference; fileEncoding = 4; lastKnownFileType = sourcecode.c.objc; path = reviewEntriesViewController.m; sourceTree = "<group>"; };
		6455FF5019045BE9002E3DB8 /* collectionCell.h */ = {isa = PBXFileReference; fileEncoding = 4; lastKnownFileType = sourcecode.c.h; path = collectionCell.h; sourceTree = "<group>"; };
		6455FF5119045BE9002E3DB8 /* collectionCell.m */ = {isa = PBXFileReference; fileEncoding = 4; lastKnownFileType = sourcecode.c.objc; path = collectionCell.m; sourceTree = "<group>"; };
		64589323190850EA00474CBE /* Base */ = {isa = PBXFileReference; lastKnownFileType = file.storyboard; name = Base; path = Base.lproj/Main_iPhone.storyboard; sourceTree = "<group>"; };
		64778FA618E6923A00BBABDB /* entryDetailViewController.h */ = {isa = PBXFileReference; fileEncoding = 4; lastKnownFileType = sourcecode.c.h; path = entryDetailViewController.h; sourceTree = "<group>"; };
		64778FA718E6923A00BBABDB /* entryDetailViewController.m */ = {isa = PBXFileReference; fileEncoding = 4; lastKnownFileType = sourcecode.c.objc; path = entryDetailViewController.m; sourceTree = "<group>"; };
		647FB97818F2089400185596 /* GlobalData.h */ = {isa = PBXFileReference; fileEncoding = 4; lastKnownFileType = sourcecode.c.h; path = GlobalData.h; sourceTree = "<group>"; };
		647FB97918F2089400185596 /* GlobalData.m */ = {isa = PBXFileReference; fileEncoding = 4; lastKnownFileType = sourcecode.c.objc; path = GlobalData.m; sourceTree = "<group>"; };
		64A526CA190DBBC9009D85E4 /* templateDetailViewController.h */ = {isa = PBXFileReference; fileEncoding = 4; lastKnownFileType = sourcecode.c.h; path = templateDetailViewController.h; sourceTree = "<group>"; };
		64A526CB190DBBC9009D85E4 /* templateDetailViewController.m */ = {isa = PBXFileReference; fileEncoding = 4; lastKnownFileType = sourcecode.c.objc; path = templateDetailViewController.m; sourceTree = "<group>"; };
		64CB4CC118EC969F00563966 /* makeViewController.h */ = {isa = PBXFileReference; fileEncoding = 4; lastKnownFileType = sourcecode.c.h; path = makeViewController.h; sourceTree = "<group>"; };
		64CB4CC218EC969F00563966 /* makeViewController.m */ = {isa = PBXFileReference; fileEncoding = 4; lastKnownFileType = sourcecode.c.objc; path = makeViewController.m; sourceTree = "<group>"; };
		64EA797B18FF094F00C36A3A /* settingsViewController.h */ = {isa = PBXFileReference; fileEncoding = 4; lastKnownFileType = sourcecode.c.h; path = settingsViewController.h; sourceTree = "<group>"; };
		64EA797C18FF094F00C36A3A /* settingsViewController.m */ = {isa = PBXFileReference; fileEncoding = 4; lastKnownFileType = sourcecode.c.objc; path = settingsViewController.m; sourceTree = "<group>"; };
		64EA797E18FF246C00C36A3A /* template4.png */ = {isa = PBXFileReference; lastKnownFileType = image.png; name = template4.png; path = Resources/template4.png; sourceTree = SOURCE_ROOT; };
		64EA797F18FF246C00C36A3A /* template1.png */ = {isa = PBXFileReference; lastKnownFileType = image.png; name = template1.png; path = Resources/template1.png; sourceTree = SOURCE_ROOT; };
		64EA798018FF246C00C36A3A /* template3.png */ = {isa = PBXFileReference; lastKnownFileType = image.png; name = template3.png; path = Resources/template3.png; sourceTree = SOURCE_ROOT; };
		64EA798118FF246C00C36A3A /* template2.png */ = {isa = PBXFileReference; lastKnownFileType = image.png; name = template2.png; path = Resources/template2.png; sourceTree = SOURCE_ROOT; };
		64EA798618FF252800C36A3A /* chooseTemplateViewController.h */ = {isa = PBXFileReference; fileEncoding = 4; lastKnownFileType = sourcecode.c.h; path = chooseTemplateViewController.h; sourceTree = "<group>"; };
		64EA798718FF252800C36A3A /* chooseTemplateViewController.m */ = {isa = PBXFileReference; fileEncoding = 4; lastKnownFileType = sourcecode.c.objc; path = chooseTemplateViewController.m; sourceTree = "<group>"; };
		6678B61E1912057C009A36C4 /* webPreviewViewController.h */ = {isa = PBXFileReference; fileEncoding = 4; lastKnownFileType = sourcecode.c.h; path = webPreviewViewController.h; sourceTree = "<group>"; };
		6678B61F1912057C009A36C4 /* webPreviewViewController.m */ = {isa = PBXFileReference; fileEncoding = 4; lastKnownFileType = sourcecode.c.objc; path = webPreviewViewController.m; sourceTree = "<group>"; };
		66A5425E18F4C8B3003A295C /* NetworkComm.h */ = {isa = PBXFileReference; fileEncoding = 4; lastKnownFileType = sourcecode.c.h; path = NetworkComm.h; sourceTree = "<group>"; };
		66A5425F18F4C8B3003A295C /* NetworkComm.m */ = {isa = PBXFileReference; fileEncoding = 4; lastKnownFileType = sourcecode.c.objc; path = NetworkComm.m; sourceTree = "<group>"; };
/* End PBXFileReference section */

/* Begin PBXFrameworksBuildPhase section */
		644D706A18E350840081B378 /* Frameworks */ = {
			isa = PBXFrameworksBuildPhase;
			buildActionMask = 2147483647;
			files = (
				644D707318E350840081B378 /* CoreGraphics.framework in Frameworks */,
				644D707518E350840081B378 /* UIKit.framework in Frameworks */,
				644D707118E350840081B378 /* Foundation.framework in Frameworks */,
			);
			runOnlyForDeploymentPostprocessing = 0;
		};
		644D708E18E350840081B378 /* Frameworks */ = {
			isa = PBXFrameworksBuildPhase;
			buildActionMask = 2147483647;
			files = (
				644D709318E350840081B378 /* XCTest.framework in Frameworks */,
				644D709518E350840081B378 /* UIKit.framework in Frameworks */,
				644D709418E350840081B378 /* Foundation.framework in Frameworks */,
			);
			runOnlyForDeploymentPostprocessing = 0;
		};
/* End PBXFrameworksBuildPhase section */

/* Begin PBXGroup section */
		644D706418E350840081B378 = {
			isa = PBXGroup;
			children = (
				644D707618E350840081B378 /* ResumeV1 */,
				644D709818E350840081B378 /* ResumeV1Tests */,
				644D706F18E350840081B378 /* Frameworks */,
				644D706E18E350840081B378 /* Products */,
			);
			sourceTree = "<group>";
		};
		644D706E18E350840081B378 /* Products */ = {
			isa = PBXGroup;
			children = (
				644D706D18E350840081B378 /* ResumeV1.app */,
				644D709118E350840081B378 /* ResumeV1Tests.xctest */,
			);
			name = Products;
			sourceTree = "<group>";
		};
		644D706F18E350840081B378 /* Frameworks */ = {
			isa = PBXGroup;
			children = (
				644D707018E350840081B378 /* Foundation.framework */,
				644D707218E350840081B378 /* CoreGraphics.framework */,
				644D707418E350840081B378 /* UIKit.framework */,
				644D709218E350840081B378 /* XCTest.framework */,
			);
			name = Frameworks;
			sourceTree = "<group>";
		};
		644D707618E350840081B378 /* ResumeV1 */ = {
			isa = PBXGroup;
			children = (
				64589322190850EA00474CBE /* Main_iPhone.storyboard */,
				644D708518E350840081B378 /* Main_iPad.storyboard */,
				644D707F18E350840081B378 /* myClassAppDelegate.h */,
				644D708018E350840081B378 /* myClassAppDelegate.m */,
				644D708818E350840081B378 /* myClassViewController.h */,
				644D708918E350840081B378 /* myClassViewController.m */,
				644D70B118E380940081B378 /* reviewEntriesViewController.h */,
				644D70B218E380940081B378 /* reviewEntriesViewController.m */,
				64778FA618E6923A00BBABDB /* entryDetailViewController.h */,
				64778FA718E6923A00BBABDB /* entryDetailViewController.m */,
				6447D2A018F5E37B00FDF629 /* editEntryViewController.h */,
				6447D2A118F5E37B00FDF629 /* editEntryViewController.m */,
				644D70AB18E36BA20081B378 /* addEntryViewController.h */,
				644D70AC18E36BA20081B378 /* addEntryViewController.m */,
				64CB4CC118EC969F00563966 /* makeViewController.h */,
				64CB4CC218EC969F00563966 /* makeViewController.m */,
				6447D2A318F60E3A00FDF629 /* checkSecondariesViewController.h */,
				6447D2A418F60E3A00FDF629 /* checkSecondariesViewController.m */,
				64EA798618FF252800C36A3A /* chooseTemplateViewController.h */,
				64EA798718FF252800C36A3A /* chooseTemplateViewController.m */,
				64A526CA190DBBC9009D85E4 /* templateDetailViewController.h */,
				64A526CB190DBBC9009D85E4 /* templateDetailViewController.m */,
				6678B61E1912057C009A36C4 /* webPreviewViewController.h */,
				6678B61F1912057C009A36C4 /* webPreviewViewController.m */,
				64EA797B18FF094F00C36A3A /* settingsViewController.h */,
				64EA797C18FF094F00C36A3A /* settingsViewController.m */,
				644D708B18E350840081B378 /* Images.xcassets */,
				644D707718E350840081B378 /* Supporting Files */,
				644D70A818E362800081B378 /* Entry.h */,
				644D70A918E362800081B378 /* Entry.m */,
				647FB97818F2089400185596 /* GlobalData.h */,
				647FB97918F2089400185596 /* GlobalData.m */,
				66A5425E18F4C8B3003A295C /* NetworkComm.h */,
				66A5425F18F4C8B3003A295C /* NetworkComm.m */,
				64EA797F18FF246C00C36A3A /* template1.png */,
				64EA798118FF246C00C36A3A /* template2.png */,
				64EA798018FF246C00C36A3A /* template3.png */,
				64EA797E18FF246C00C36A3A /* template4.png */,
				6455FF5019045BE9002E3DB8 /* collectionCell.h */,
				6455FF5119045BE9002E3DB8 /* collectionCell.m */,
			);
			path = ResumeV1;
			sourceTree = "<group>";
		};
		644D707718E350840081B378 /* Supporting Files */ = {
			isa = PBXGroup;
			children = (
				644D707818E350840081B378 /* ResumeV1-Info.plist */,
				644D707918E350840081B378 /* InfoPlist.strings */,
				644D707C18E350840081B378 /* main.m */,
				644D707E18E350840081B378 /* ResumeV1-Prefix.pch */,
			);
			name = "Supporting Files";
			sourceTree = "<group>";
		};
		644D709818E350840081B378 /* ResumeV1Tests */ = {
			isa = PBXGroup;
			children = (
				644D709E18E350840081B378 /* ResumeV1Tests.m */,
				644D709918E350840081B378 /* Supporting Files */,
			);
			path = ResumeV1Tests;
			sourceTree = "<group>";
		};
		644D709918E350840081B378 /* Supporting Files */ = {
			isa = PBXGroup;
			children = (
				644D709A18E350840081B378 /* ResumeV1Tests-Info.plist */,
				644D709B18E350840081B378 /* InfoPlist.strings */,
			);
			name = "Supporting Files";
			sourceTree = "<group>";
		};
/* End PBXGroup section */

/* Begin PBXNativeTarget section */
		644D706C18E350840081B378 /* ResumeV1 */ = {
			isa = PBXNativeTarget;
			buildConfigurationList = 644D70A218E350840081B378 /* Build configuration list for PBXNativeTarget "ResumeV1" */;
			buildPhases = (
				644D706918E350840081B378 /* Sources */,
				644D706A18E350840081B378 /* Frameworks */,
				644D706B18E350840081B378 /* Resources */,
			);
			buildRules = (
			);
			dependencies = (
			);
			name = ResumeV1;
			productName = ResumeV1;
			productReference = 644D706D18E350840081B378 /* ResumeV1.app */;
			productType = "com.apple.product-type.application";
		};
		644D709018E350840081B378 /* ResumeV1Tests */ = {
			isa = PBXNativeTarget;
			buildConfigurationList = 644D70A518E350840081B378 /* Build configuration list for PBXNativeTarget "ResumeV1Tests" */;
			buildPhases = (
				644D708D18E350840081B378 /* Sources */,
				644D708E18E350840081B378 /* Frameworks */,
				644D708F18E350840081B378 /* Resources */,
			);
			buildRules = (
			);
			dependencies = (
				644D709718E350840081B378 /* PBXTargetDependency */,
			);
			name = ResumeV1Tests;
			productName = ResumeV1Tests;
			productReference = 644D709118E350840081B378 /* ResumeV1Tests.xctest */;
			productType = "com.apple.product-type.bundle.unit-test";
		};
/* End PBXNativeTarget section */

/* Begin PBXProject section */
		644D706518E350840081B378 /* Project object */ = {
			isa = PBXProject;
			attributes = {
				CLASSPREFIX = myClass;
				LastUpgradeCheck = 0500;
				ORGANIZATIONNAME = "Jeffrey Gertler";
				TargetAttributes = {
					644D709018E350840081B378 = {
						TestTargetID = 644D706C18E350840081B378;
					};
				};
			};
			buildConfigurationList = 644D706818E350840081B378 /* Build configuration list for PBXProject "ResumeV1" */;
			compatibilityVersion = "Xcode 3.2";
			developmentRegion = English;
			hasScannedForEncodings = 0;
			knownRegions = (
				en,
				Base,
			);
			mainGroup = 644D706418E350840081B378;
			productRefGroup = 644D706E18E350840081B378 /* Products */;
			projectDirPath = "";
			projectRoot = "";
			targets = (
				644D706C18E350840081B378 /* ResumeV1 */,
				644D709018E350840081B378 /* ResumeV1Tests */,
			);
		};
/* End PBXProject section */

/* Begin PBXResourcesBuildPhase section */
		644D706B18E350840081B378 /* Resources */ = {
			isa = PBXResourcesBuildPhase;
			buildActionMask = 2147483647;
			files = (
				64EA798518FF246C00C36A3A /* template2.png in Resources */,
				644D708718E350840081B378 /* Main_iPad.storyboard in Resources */,
				644D708C18E350840081B378 /* Images.xcassets in Resources */,
				64EA798418FF246C00C36A3A /* template3.png in Resources */,
				64589324190850EA00474CBE /* Main_iPhone.storyboard in Resources */,
				644D707B18E350840081B378 /* InfoPlist.strings in Resources */,
				64EA798318FF246C00C36A3A /* template1.png in Resources */,
				64EA798218FF246C00C36A3A /* template4.png in Resources */,
			);
			runOnlyForDeploymentPostprocessing = 0;
		};
		644D708F18E350840081B378 /* Resources */ = {
			isa = PBXResourcesBuildPhase;
			buildActionMask = 2147483647;
			files = (
				644D709D18E350840081B378 /* InfoPlist.strings in Resources */,
			);
			runOnlyForDeploymentPostprocessing = 0;
		};
/* End PBXResourcesBuildPhase section */

/* Begin PBXSourcesBuildPhase section */
		644D706918E350840081B378 /* Sources */ = {
			isa = PBXSourcesBuildPhase;
			buildActionMask = 2147483647;
			files = (
				644D70AA18E362800081B378 /* Entry.m in Sources */,
				644D708A18E350840081B378 /* myClassViewController.m in Sources */,
				6455FF5219045BE9002E3DB8 /* collectionCell.m in Sources */,
				644D707D18E350840081B378 /* main.m in Sources */,
				647FB97A18F2089400185596 /* GlobalData.m in Sources */,
				6678B6201912057C009A36C4 /* webPreviewViewController.m in Sources */,
				64EA797D18FF094F00C36A3A /* settingsViewController.m in Sources */,
				66A5426018F4C8B3003A295C /* NetworkComm.m in Sources */,
				64A526CC190DBBC9009D85E4 /* templateDetailViewController.m in Sources */,
				644D70B318E380940081B378 /* reviewEntriesViewController.m in Sources */,
				6447D2A218F5E37B00FDF629 /* editEntryViewController.m in Sources */,
				64CB4CC318EC969F00563966 /* makeViewController.m in Sources */,
				6447D2A518F60E3A00FDF629 /* checkSecondariesViewController.m in Sources */,
				644D70AD18E36BA20081B378 /* addEntryViewController.m in Sources */,
				64778FA818E6923A00BBABDB /* entryDetailViewController.m in Sources */,
				644D708118E350840081B378 /* myClassAppDelegate.m in Sources */,
				64EA798818FF252800C36A3A /* chooseTemplateViewController.m in Sources */,
			);
			runOnlyForDeploymentPostprocessing = 0;
		};
		644D708D18E350840081B378 /* Sources */ = {
			isa = PBXSourcesBuildPhase;
			buildActionMask = 2147483647;
			files = (
				644D709F18E350840081B378 /* ResumeV1Tests.m in Sources */,
			);
			runOnlyForDeploymentPostprocessing = 0;
		};
/* End PBXSourcesBuildPhase section */

/* Begin PBXTargetDependency section */
		644D709718E350840081B378 /* PBXTargetDependency */ = {
			isa = PBXTargetDependency;
			target = 644D706C18E350840081B378 /* ResumeV1 */;
			targetProxy = 644D709618E350840081B378 /* PBXContainerItemProxy */;
		};
/* End PBXTargetDependency section */

/* Begin PBXVariantGroup section */
		644D707918E350840081B378 /* InfoPlist.strings */ = {
			isa = PBXVariantGroup;
			children = (
				644D707A18E350840081B378 /* en */,
			);
			name = InfoPlist.strings;
			sourceTree = "<group>";
		};
		644D708518E350840081B378 /* Main_iPad.storyboard */ = {
			isa = PBXVariantGroup;
			children = (
				644D708618E350840081B378 /* Base */,
			);
			name = Main_iPad.storyboard;
			sourceTree = "<group>";
		};
		644D709B18E350840081B378 /* InfoPlist.strings */ = {
			isa = PBXVariantGroup;
			children = (
				644D709C18E350840081B378 /* en */,
			);
			name = InfoPlist.strings;
			sourceTree = "<group>";
		};
		64589322190850EA00474CBE /* Main_iPhone.storyboard */ = {
			isa = PBXVariantGroup;
			children = (
				64589323190850EA00474CBE /* Base */,
			);
			name = Main_iPhone.storyboard;
			sourceTree = "<group>";
		};
/* End PBXVariantGroup section */

/* Begin XCBuildConfiguration section */
		644D70A018E350840081B378 /* Debug */ = {
			isa = XCBuildConfiguration;
			buildSettings = {
				ALWAYS_SEARCH_USER_PATHS = NO;
				ARCHS = "$(ARCHS_STANDARD_INCLUDING_64_BIT)";
				CLANG_CXX_LANGUAGE_STANDARD = "gnu++0x";
				CLANG_CXX_LIBRARY = "libc++";
				CLANG_ENABLE_MODULES = YES;
				CLANG_ENABLE_OBJC_ARC = YES;
				CLANG_WARN_BOOL_CONVERSION = YES;
				CLANG_WARN_CONSTANT_CONVERSION = YES;
				CLANG_WARN_DIRECT_OBJC_ISA_USAGE = YES_ERROR;
				CLANG_WARN_EMPTY_BODY = YES;
				CLANG_WARN_ENUM_CONVERSION = YES;
				CLANG_WARN_INT_CONVERSION = YES;
				CLANG_WARN_OBJC_ROOT_CLASS = YES_ERROR;
				CLANG_WARN__DUPLICATE_METHOD_MATCH = YES;
				"CODE_SIGN_IDENTITY[sdk=iphoneos*]" = "iPhone Developer";
				COPY_PHASE_STRIP = NO;
				GCC_C_LANGUAGE_STANDARD = gnu99;
				GCC_DYNAMIC_NO_PIC = NO;
				GCC_OPTIMIZATION_LEVEL = 0;
				GCC_PREPROCESSOR_DEFINITIONS = (
					"DEBUG=1",
					"$(inherited)",
				);
				GCC_SYMBOLS_PRIVATE_EXTERN = NO;
				GCC_WARN_64_TO_32_BIT_CONVERSION = YES;
				GCC_WARN_ABOUT_RETURN_TYPE = YES_ERROR;
				GCC_WARN_UNDECLARED_SELECTOR = YES;
				GCC_WARN_UNINITIALIZED_AUTOS = YES;
				GCC_WARN_UNUSED_FUNCTION = YES;
				GCC_WARN_UNUSED_VARIABLE = YES;
				IPHONEOS_DEPLOYMENT_TARGET = 7.0;
				ONLY_ACTIVE_ARCH = YES;
				SDKROOT = iphoneos;
				TARGETED_DEVICE_FAMILY = "1,2";
			};
			name = Debug;
		};
		644D70A118E350840081B378 /* Release */ = {
			isa = XCBuildConfiguration;
			buildSettings = {
				ALWAYS_SEARCH_USER_PATHS = NO;
				ARCHS = "$(ARCHS_STANDARD_INCLUDING_64_BIT)";
				CLANG_CXX_LANGUAGE_STANDARD = "gnu++0x";
				CLANG_CXX_LIBRARY = "libc++";
				CLANG_ENABLE_MODULES = YES;
				CLANG_ENABLE_OBJC_ARC = YES;
				CLANG_WARN_BOOL_CONVERSION = YES;
				CLANG_WARN_CONSTANT_CONVERSION = YES;
				CLANG_WARN_DIRECT_OBJC_ISA_USAGE = YES_ERROR;
				CLANG_WARN_EMPTY_BODY = YES;
				CLANG_WARN_ENUM_CONVERSION = YES;
				CLANG_WARN_INT_CONVERSION = YES;
				CLANG_WARN_OBJC_ROOT_CLASS = YES_ERROR;
				CLANG_WARN__DUPLICATE_METHOD_MATCH = YES;
				"CODE_SIGN_IDENTITY[sdk=iphoneos*]" = "iPhone Developer";
				COPY_PHASE_STRIP = YES;
				ENABLE_NS_ASSERTIONS = NO;
				GCC_C_LANGUAGE_STANDARD = gnu99;
				GCC_WARN_64_TO_32_BIT_CONVERSION = YES;
				GCC_WARN_ABOUT_RETURN_TYPE = YES_ERROR;
				GCC_WARN_UNDECLARED_SELECTOR = YES;
				GCC_WARN_UNINITIALIZED_AUTOS = YES;
				GCC_WARN_UNUSED_FUNCTION = YES;
				GCC_WARN_UNUSED_VARIABLE = YES;
				IPHONEOS_DEPLOYMENT_TARGET = 7.0;
				SDKROOT = iphoneos;
				TARGETED_DEVICE_FAMILY = "1,2";
				VALIDATE_PRODUCT = YES;
			};
			name = Release;
		};
		644D70A318E350840081B378 /* Debug */ = {
			isa = XCBuildConfiguration;
			buildSettings = {
				ASSETCATALOG_COMPILER_APPICON_NAME = AppIcon;
				ASSETCATALOG_COMPILER_LAUNCHIMAGE_NAME = LaunchImage;
				GCC_PRECOMPILE_PREFIX_HEADER = YES;
				GCC_PREFIX_HEADER = "ResumeV1/ResumeV1-Prefix.pch";
				INFOPLIST_FILE = "ResumeV1/ResumeV1-Info.plist";
				PRODUCT_NAME = "$(TARGET_NAME)";
				WRAPPER_EXTENSION = app;
			};
			name = Debug;
		};
		644D70A418E350840081B378 /* Release */ = {
			isa = XCBuildConfiguration;
			buildSettings = {
				ASSETCATALOG_COMPILER_APPICON_NAME = AppIcon;
				ASSETCATALOG_COMPILER_LAUNCHIMAGE_NAME = LaunchImage;
				GCC_PRECOMPILE_PREFIX_HEADER = YES;
				GCC_PREFIX_HEADER = "ResumeV1/ResumeV1-Prefix.pch";
				INFOPLIST_FILE = "ResumeV1/ResumeV1-Info.plist";
				PRODUCT_NAME = "$(TARGET_NAME)";
				WRAPPER_EXTENSION = app;
			};
			name = Release;
		};
		644D70A618E350840081B378 /* Debug */ = {
			isa = XCBuildConfiguration;
			buildSettings = {
				ARCHS = "$(ARCHS_STANDARD_INCLUDING_64_BIT)";
				BUNDLE_LOADER = "$(BUILT_PRODUCTS_DIR)/ResumeV1.app/ResumeV1";
				FRAMEWORK_SEARCH_PATHS = (
					"$(SDKROOT)/Developer/Library/Frameworks",
					"$(inherited)",
					"$(DEVELOPER_FRAMEWORKS_DIR)",
				);
				GCC_PRECOMPILE_PREFIX_HEADER = YES;
				GCC_PREFIX_HEADER = "ResumeV1/ResumeV1-Prefix.pch";
				GCC_PREPROCESSOR_DEFINITIONS = (
					"DEBUG=1",
					"$(inherited)",
				);
				INFOPLIST_FILE = "ResumeV1Tests/ResumeV1Tests-Info.plist";
				PRODUCT_NAME = "$(TARGET_NAME)";
				TEST_HOST = "$(BUNDLE_LOADER)";
				WRAPPER_EXTENSION = xctest;
			};
			name = Debug;
		};
		644D70A718E350840081B378 /* Release */ = {
			isa = XCBuildConfiguration;
			buildSettings = {
				ARCHS = "$(ARCHS_STANDARD_INCLUDING_64_BIT)";
				BUNDLE_LOADER = "$(BUILT_PRODUCTS_DIR)/ResumeV1.app/ResumeV1";
				FRAMEWORK_SEARCH_PATHS = (
					"$(SDKROOT)/Developer/Library/Frameworks",
					"$(inherited)",
					"$(DEVELOPER_FRAMEWORKS_DIR)",
				);
				GCC_PRECOMPILE_PREFIX_HEADER = YES;
				GCC_PREFIX_HEADER = "ResumeV1/ResumeV1-Prefix.pch";
				INFOPLIST_FILE = "ResumeV1Tests/ResumeV1Tests-Info.plist";
				PRODUCT_NAME = "$(TARGET_NAME)";
				TEST_HOST = "$(BUNDLE_LOADER)";
				WRAPPER_EXTENSION = xctest;
			};
			name = Release;
		};
/* End XCBuildConfiguration section */

/* Begin XCConfigurationList section */
		644D706818E350840081B378 /* Build configuration list for PBXProject "ResumeV1" */ = {
			isa = XCConfigurationList;
			buildConfigurations = (
				644D70A018E350840081B378 /* Debug */,
				644D70A118E350840081B378 /* Release */,
			);
			defaultConfigurationIsVisible = 0;
			defaultConfigurationName = Release;
		};
		644D70A218E350840081B378 /* Build configuration list for PBXNativeTarget "ResumeV1" */ = {
			isa = XCConfigurationList;
			buildConfigurations = (
				644D70A318E350840081B378 /* Debug */,
				644D70A418E350840081B378 /* Release */,
			);
			defaultConfigurationIsVisible = 0;
			defaultConfigurationName = Release;
		};
		644D70A518E350840081B378 /* Build configuration list for PBXNativeTarget "ResumeV1Tests" */ = {
			isa = XCConfigurationList;
			buildConfigurations = (
				644D70A618E350840081B378 /* Debug */,
				644D70A718E350840081B378 /* Release */,
			);
			defaultConfigurationIsVisible = 0;
			defaultConfigurationName = Release;
		};
/* End XCConfigurationList section */
	};
	rootObject = 644D706518E350840081B378 /* Project object */;
}
